
Microsoft Visual Studio Solution File, Format Version 12.00
# Visual Studio Version 16
VisualStudioVersion = 16.0.30413.136
MinimumVisualStudioVersion = 10.0.40219.1
Project("{FAE04EC0-301F-11D3-BF4B-00C04F79EFBC}") = "BancoFIAP", "BancoFIAP\BancoFIAP.csproj", "{C9D71C22-46A4-49D9-971E-878005E01E55}"
EndProject
Global
	GlobalSection(SolutionConfigurationPlatforms) = preSolution
		Debug|Any CPU = Debug|Any CPU
		Release|Any CPU = Release|Any CPU
	EndGlobalSection
	GlobalSection(ProjectConfigurationPlatforms) = postSolution
		{C9D71C22-46A4-49D9-971E-878005E01E55}.Debug|Any CPU.ActiveCfg = Debug|Any CPU
		{C9D71C22-46A4-49D9-971E-878005E01E55}.Debug|Any CPU.Build.0 = Debug|Any CPU
		{C9D71C22-46A4-49D9-971E-878005E01E55}.Release|Any CPU.ActiveCfg = Release|Any CPU
		{C9D71C22-46A4-49D9-971E-878005E01E55}.Release|Any CPU.Build.0 = Release|Any CPU
	EndGlobalSection
	GlobalSection(SolutionProperties) = preSolution
		HideSolutionNode = FALSE
	EndGlobalSection
	GlobalSection(ExtensibilityGlobals) = postSolution
		SolutionGuid = {A18E2E06-FD04-4D66-8272-4832F4C4D82A}
	EndGlobalSection
EndGlobal
